// !$*UTF8*$!
{
	archiveVersion = 1;
	classes = {
	};
	objectVersion = 50;
	objects = {

/* Begin PBXBuildFile section */
		7094CE4F236FFCF300D30B1A /* libfltk.1.3.dylib in Frameworks */ = {isa = PBXBuildFile; fileRef = 7094CE45236FFBEC00D30B1A /* libfltk.1.3.dylib */; };
		7094CE50236FFCF300D30B1A /* libfltk.1.3.dylib in Embed Libraries */ = {isa = PBXBuildFile; fileRef = 7094CE45236FFBEC00D30B1A /* libfltk.1.3.dylib */; settings = {ATTRIBUTES = (CodeSignOnCopy, ); }; };
		7094CE54236FFD1F00D30B1A /* main.cpp in Sources */ = {isa = PBXBuildFile; fileRef = 7094CE53236FFD1E00D30B1A /* main.cpp */; };
		7094CE5A236FFD7B00D30B1A /* truncstruct.cpp in Sources */ = {isa = PBXBuildFile; fileRef = 7094CE56236FFD7A00D30B1A /* truncstruct.cpp */; };
/* End PBXBuildFile section */

/* Begin PBXCopyFilesBuildPhase section */
		7094CE38236FFBC100D30B1A /* CopyFiles */ = {
			isa = PBXCopyFilesBuildPhase;
			buildActionMask = 2147483647;
			dstPath = /usr/share/man/man1/;
			dstSubfolderSpec = 0;
			files = (
			);
			runOnlyForDeploymentPostprocessing = 1;
		};
		7094CE51236FFCF300D30B1A /* Embed Libraries */ = {
			isa = PBXCopyFilesBuildPhase;
			buildActionMask = 2147483647;
			dstPath = "";
			dstSubfolderSpec = 10;
			files = (
				7094CE50236FFCF300D30B1A /* libfltk.1.3.dylib in Embed Libraries */,
			);
			name = "Embed Libraries";
			runOnlyForDeploymentPostprocessing = 0;
		};
/* End PBXCopyFilesBuildPhase section */

/* Begin PBXFileReference section */
		7094CE3A236FFBC100D30B1A /* fltk-trunc */ = {isa = PBXFileReference; explicitFileType = "compiled.mach-o.executable"; includeInIndex = 0; path = "fltk-trunc"; sourceTree = BUILT_PRODUCTS_DIR; };
		7094CE45236FFBEC00D30B1A /* libfltk.1.3.dylib */ = {isa = PBXFileReference; lastKnownFileType = "compiled.mach-o.dylib"; name = libfltk.1.3.dylib; path = ../../../../../../../../usr/local/Cellar/fltk/1.3.5/lib/libfltk.1.3.dylib; sourceTree = "<group>"; };
		7094CE53236FFD1E00D30B1A /* main.cpp */ = {isa = PBXFileReference; fileEncoding = 4; lastKnownFileType = sourcecode.cpp.cpp; path = main.cpp; sourceTree = "<group>"; };
		7094CE56236FFD7A00D30B1A /* truncstruct.cpp */ = {isa = PBXFileReference; fileEncoding = 4; lastKnownFileType = sourcecode.cpp.cpp; name = truncstruct.cpp; path = "../../../../Labs/L21/Programming with struct/Programming with struct/truncstruct.cpp"; sourceTree = "<group>"; };
		7094CE57236FFD7A00D30B1A /* truncstruct.hpp */ = {isa = PBXFileReference; fileEncoding = 4; lastKnownFileType = sourcecode.cpp.h; name = truncstruct.hpp; path = "../../../../Labs/L21/Programming with struct/Programming with struct/truncstruct.hpp"; sourceTree = "<group>"; };
		7094CE58236FFD7A00D30B1A /* truncstruct.hh */ = {isa = PBXFileReference; fileEncoding = 4; lastKnownFileType = sourcecode.cpp.h; name = truncstruct.hh; path = "../../../../Labs/L21/Programming with struct/Programming with struct/truncstruct.hh"; sourceTree = "<group>"; };
/* End PBXFileReference section */

/* Begin PBXFrameworksBuildPhase section */
		7094CE37236FFBC100D30B1A /* Frameworks */ = {
			isa = PBXFrameworksBuildPhase;
			buildActionMask = 2147483647;
			files = (
				7094CE4F236FFCF300D30B1A /* libfltk.1.3.dylib in Frameworks */,
			);
			runOnlyForDeploymentPostprocessing = 0;
		};
/* End PBXFrameworksBuildPhase section */

/* Begin PBXGroup section */
		7094CE31236FFBC100D30B1A = {
			isa = PBXGroup;
			children = (
				7094CE52236FFD1E00D30B1A /* fltk-trunc */,
				7094CE3B236FFBC100D30B1A /* Products */,
				7094CE44236FFBEB00D30B1A /* Frameworks */,
			);
			sourceTree = "<group>";
		};
		7094CE3B236FFBC100D30B1A /* Products */ = {
			isa = PBXGroup;
			children = (
				7094CE3A236FFBC100D30B1A /* fltk-trunc */,
			);
			name = Products;
			sourceTree = "<group>";
		};
		7094CE44236FFBEB00D30B1A /* Frameworks */ = {
			isa = PBXGroup;
			children = (
				7094CE45236FFBEC00D30B1A /* libfltk.1.3.dylib */,
			);
			name = Frameworks;
			sourceTree = "<group>";
		};
		7094CE52236FFD1E00D30B1A /* fltk-trunc */ = {
			isa = PBXGroup;
			children = (
				7094CE53236FFD1E00D30B1A /* main.cpp */,
				7094CE56236FFD7A00D30B1A /* truncstruct.cpp */,
				7094CE58236FFD7A00D30B1A /* truncstruct.hh */,
				7094CE57236FFD7A00D30B1A /* truncstruct.hpp */,
			);
			path = "fltk-trunc";
			sourceTree = "<group>";
		};
/* End PBXGroup section */

/* Begin PBXNativeTarget section */
		7094CE39236FFBC100D30B1A /* fltk-trunc */ = {
			isa = PBXNativeTarget;
			buildConfigurationList = 7094CE41236FFBC100D30B1A /* Build configuration list for PBXNativeTarget "fltk-trunc" */;
			buildPhases = (
				7094CE36236FFBC100D30B1A /* Sources */,
				7094CE37236FFBC100D30B1A /* Frameworks */,
				7094CE38236FFBC100D30B1A /* CopyFiles */,
				7094CE51236FFCF300D30B1A /* Embed Libraries */,
			);
			buildRules = (
			);
			dependencies = (
			);
			name = "fltk-trunc";
			productName = "fltk-trunc";
			productReference = 7094CE3A236FFBC100D30B1A /* fltk-trunc */;
			productType = "com.apple.product-type.tool";
		};
/* End PBXNativeTarget section */

/* Begin PBXProject section */
		7094CE32236FFBC100D30B1A /* Project object */ = {
			isa = PBXProject;
			attributes = {
				LastUpgradeCheck = 1100;
				ORGANIZATIONNAME = "Stefano Fochesatto";
				TargetAttributes = {
					7094CE39236FFBC100D30B1A = {
						CreatedOnToolsVersion = 11.0;
					};
				};
			};
			buildConfigurationList = 7094CE35236FFBC100D30B1A /* Build configuration list for PBXProject "fltk-trunc" */;
			compatibilityVersion = "Xcode 9.3";
			developmentRegion = en;
			hasScannedForEncodings = 0;
			knownRegions = (
				en,
				Base,
			);
			mainGroup = 7094CE31236FFBC100D30B1A;
			productRefGroup = 7094CE3B236FFBC100D30B1A /* Products */;
			projectDirPath = "";
			projectRoot = "";
			targets = (
				7094CE39236FFBC100D30B1A /* fltk-trunc */,
			);
		};
/* End PBXProject section */

/* Begin PBXSourcesBuildPhase section */
		7094CE36236FFBC100D30B1A /* Sources */ = {
			isa = PBXSourcesBuildPhase;
			buildActionMask = 2147483647;
			files = (
				7094CE5A236FFD7B00D30B1A /* truncstruct.cpp in Sources */,
				7094CE54236FFD1F00D30B1A /* main.cpp in Sources */,
			);
			runOnlyForDeploymentPostprocessing = 0;
		};
/* End PBXSourcesBuildPhase section */

/* Begin XCBuildConfiguration section */
		7094CE3F236FFBC100D30B1A /* Debug */ = {
			isa = XCBuildConfiguration;
			buildSettings = {
				ALWAYS_SEARCH_USER_PATHS = NO;
				CLANG_ANALYZER_NONNULL = YES;
				CLANG_ANALYZER_NUMBER_OBJECT_CONVERSION = YES_AGGRESSIVE;
				CLANG_CXX_LANGUAGE_STANDARD = "gnu++14";
				CLANG_CXX_LIBRARY = "libc++";
				CLANG_ENABLE_MODULES = YES;
				CLANG_ENABLE_OBJC_ARC = YES;
				CLANG_ENABLE_OBJC_WEAK = YES;
				CLANG_WARN_BLOCK_CAPTURE_AUTORELEASING = YES;
				CLANG_WARN_BOOL_CONVERSION = YES;
				CLANG_WARN_COMMA = YES;
				CLANG_WARN_CONSTANT_CONVERSION = YES;
				CLANG_WARN_DEPRECATED_OBJC_IMPLEMENTATIONS = YES;
				CLANG_WARN_DIRECT_OBJC_ISA_USAGE = YES_ERROR;
				CLANG_WARN_DOCUMENTATION_COMMENTS = YES;
				CLANG_WARN_EMPTY_BODY = YES;
				CLANG_WARN_ENUM_CONVERSION = YES;
				CLANG_WARN_INFINITE_RECURSION = YES;
				CLANG_WARN_INT_CONVERSION = YES;
				CLANG_WARN_NON_LITERAL_NULL_CONVERSION = YES;
				CLANG_WARN_OBJC_IMPLICIT_RETAIN_SELF = YES;
				CLANG_WARN_OBJC_LITERAL_CONVERSION = YES;
				CLANG_WARN_OBJC_ROOT_CLASS = YES_ERROR;
				CLANG_WARN_RANGE_LOOP_ANALYSIS = YES;
				CLANG_WARN_STRICT_PROTOTYPES = YES;
				CLANG_WARN_SUSPICIOUS_MOVE = YES;
				CLANG_WARN_UNGUARDED_AVAILABILITY = YES_AGGRESSIVE;
				CLANG_WARN_UNREACHABLE_CODE = YES;
				CLANG_WARN__DUPLICATE_METHOD_MATCH = YES;
				COPY_PHASE_STRIP = NO;
				DEBUG_INFORMATION_FORMAT = dwarf;
				ENABLE_STRICT_OBJC_MSGSEND = YES;
				ENABLE_TESTABILITY = YES;
				GCC_C_LANGUAGE_STANDARD = gnu11;
				GCC_DYNAMIC_NO_PIC = NO;
				GCC_NO_COMMON_BLOCKS = YES;
				GCC_OPTIMIZATION_LEVEL = 0;
				GCC_PREPROCESSOR_DEFINITIONS = (
					"DEBUG=1",
					"$(inherited)",
				);
				GCC_WARN_64_TO_32_BIT_CONVERSION = YES;
				GCC_WARN_ABOUT_RETURN_TYPE = YES_ERROR;
				GCC_WARN_UNDECLARED_SELECTOR = YES;
				GCC_WARN_UNINITIALIZED_AUTOS = YES_AGGRESSIVE;
				GCC_WARN_UNUSED_FUNCTION = YES;
				GCC_WARN_UNUSED_VARIABLE = YES;
				MACOSX_DEPLOYMENT_TARGET = 10.14;
				MTL_ENABLE_DEBUG_INFO = INCLUDE_SOURCE;
				MTL_FAST_MATH = YES;
				ONLY_ACTIVE_ARCH = YES;
				SDKROOT = macosx;
			};
			name = Debug;
		};
		7094CE40236FFBC100D30B1A /* Release */ = {
			isa = XCBuildConfiguration;
			buildSettings = {
				ALWAYS_SEARCH_USER_PATHS = NO;
				CLANG_ANALYZER_NONNULL = YES;
				CLANG_ANALYZER_NUMBER_OBJECT_CONVERSION = YES_AGGRESSIVE;
				CLANG_CXX_LANGUAGE_STANDARD = "gnu++14";
				CLANG_CXX_LIBRARY = "libc++";
				CLANG_ENABLE_MODULES = YES;
				CLANG_ENABLE_OBJC_ARC = YES;
				CLANG_ENABLE_OBJC_WEAK = YES;
				CLANG_WARN_BLOCK_CAPTURE_AUTORELEASING = YES;
				CLANG_WARN_BOOL_CONVERSION = YES;
				CLANG_WARN_COMMA = YES;
				CLANG_WARN_CONSTANT_CONVERSION = YES;
				CLANG_WARN_DEPRECATED_OBJC_IMPLEMENTATIONS = YES;
				CLANG_WARN_DIRECT_OBJC_ISA_USAGE = YES_ERROR;
				CLANG_WARN_DOCUMENTATION_COMMENTS = YES;
				CLANG_WARN_EMPTY_BODY = YES;
				CLANG_WARN_ENUM_CONVERSION = YES;
				CLANG_WARN_INFINITE_RECURSION = YES;
				CLANG_WARN_INT_CONVERSION = YES;
				CLANG_WARN_NON_LITERAL_NULL_CONVERSION = YES;
				CLANG_WARN_OBJC_IMPLICIT_RETAIN_SELF = YES;
				CLANG_WARN_OBJC_LITERAL_CONVERSION = YES;
				CLANG_WARN_OBJC_ROOT_CLASS = YES_ERROR;
				CLANG_WARN_RANGE_LOOP_ANALYSIS = YES;
				CLANG_WARN_STRICT_PROTOTYPES = YES;
				CLANG_WARN_SUSPICIOUS_MOVE = YES;
				CLANG_WARN_UNGUARDED_AVAILABILITY = YES_AGGRESSIVE;
				CLANG_WARN_UNREACHABLE_CODE = YES;
				CLANG_WARN__DUPLICATE_METHOD_MATCH = YES;
				COPY_PHASE_STRIP = NO;
				DEBUG_INFORMATION_FORMAT = "dwarf-with-dsym";
				ENABLE_NS_ASSERTIONS = NO;
				ENABLE_STRICT_OBJC_MSGSEND = YES;
				GCC_C_LANGUAGE_STANDARD = gnu11;
				GCC_NO_COMMON_BLOCKS = YES;
				GCC_WARN_64_TO_32_BIT_CONVERSION = YES;
				GCC_WARN_ABOUT_RETURN_TYPE = YES_ERROR;
				GCC_WARN_UNDECLARED_SELECTOR = YES;
				GCC_WARN_UNINITIALIZED_AUTOS = YES_AGGRESSIVE;
				GCC_WARN_UNUSED_FUNCTION = YES;
				GCC_WARN_UNUSED_VARIABLE = YES;
				MACOSX_DEPLOYMENT_TARGET = 10.14;
				MTL_ENABLE_DEBUG_INFO = NO;
				MTL_FAST_MATH = YES;
				SDKROOT = macosx;
			};
			name = Release;
		};
		7094CE42236FFBC100D30B1A /* Debug */ = {
			isa = XCBuildConfiguration;
			buildSettings = {
				CODE_SIGN_STYLE = Automatic;
				DEVELOPMENT_TEAM = VC48HNZ2NL;
				ENABLE_HARDENED_RUNTIME = YES;
				HEADER_SEARCH_PATHS = /usr/local/include;
				LIBRARY_SEARCH_PATHS = (
					"$(inherited)",
					/usr/local/Cellar/fltk/1.3.5/lib,
				);
				PRODUCT_NAME = "$(TARGET_NAME)";
			};
			name = Debug;
		};
		7094CE43236FFBC100D30B1A /* Release */ = {
			isa = XCBuildConfiguration;
			buildSettings = {
				CODE_SIGN_STYLE = Automatic;
				DEVELOPMENT_TEAM = VC48HNZ2NL;
				ENABLE_HARDENED_RUNTIME = YES;
				HEADER_SEARCH_PATHS = /usr/local/include;
				LIBRARY_SEARCH_PATHS = (
					"$(inherited)",
					/usr/local/Cellar/fltk/1.3.5/lib,
				);
				PRODUCT_NAME = "$(TARGET_NAME)";
			};
			name = Release;
		};
/* End XCBuildConfiguration section */

/* Begin XCConfigurationList section */
		7094CE35236FFBC100D30B1A /* Build configuration list for PBXProject "fltk-trunc" */ = {
			isa = XCConfigurationList;
			buildConfigurations = (
				7094CE3F236FFBC100D30B1A /* Debug */,
				7094CE40236FFBC100D30B1A /* Release */,
			);
			defaultConfigurationIsVisible = 0;
			defaultConfigurationName = Release;
		};
		7094CE41236FFBC100D30B1A /* Build configuration list for PBXNativeTarget "fltk-trunc" */ = {
			isa = XCConfigurationList;
			buildConfigurations = (
				7094CE42236FFBC100D30B1A /* Debug */,
				7094CE43236FFBC100D30B1A /* Release */,
			);
			defaultConfigurationIsVisible = 0;
			defaultConfigurationName = Release;
		};
/* End XCConfigurationList section */
	};
	rootObject = 7094CE32236FFBC100D30B1A /* Project object */;
}
